{
  "name": "stock-pair-alerts",
  "lockfileVersion": 3,
  "requires": true,
  "packages": {
    "": {
      "name": "stock-pair-alerts",
      "dependencies": {
        "bs58": "^6.0.0",
        "helius-laserstream": "^0.8.5",
        "ws": "^8.18.3"
      },
      "engines": {
        "node": ">=20"
      }
    },
    "node_modules/@protobufjs/aspromise": {
      "version": "1.1.2",
      "resolved": "https://registry.npmjs.org/@protobufjs/aspromise/-/aspromise-1.1.2.tgz",
      "integrity": "sha512-j+gKExEuLmKwvz3OgROXtrJ2UG2x8Ch2YZUxahh+s1F2HZ+wAceUNLkvy6zKCPVRkU++ZWQrdxsUeQXmcg4uoQ==",
      "license": "BSD-3-Clause"
    },
    "node_modules/@protobufjs/base64": {
      "version": "1.1.2",
      "resolved": "https://registry.npmjs.org/@protobufjs/base64/-/base64-1.1.2.tgz",
      "integrity": "sha512-AZkcAA5vnN/v4PDqKyMR5lx7hZttPDgClv83E//FMNhR2TMcLUhfRUBHCmSl0oi9zMgDDqRUJkSxO3wm85+XLg==",
      "license": "BSD-3-Clause"
    },
    "node_modules/@protobufjs/codegen": {
      "version": "2.0.5",
      "resolved": "https://registry.npmjs.org/@protobufjs/codegen/-/codegen-2.0.5.tgz",
      "integrity": "sha512-zgXFLzW3Ap33e6d0Wlj4MGIm6Ce8O89n/apUaGNB/jx+hw+ruWEp7EwGUshdLKVRCxZW12fp9r40E1mQrf/34g==",
      "license": "BSD-3-Clause"
    },
    "node_modules/@protobufjs/eventemitter": {
      "version": "1.1.1",
      "resolved": "https://registry.npmjs.org/@protobufjs/eventemitter/-/eventemitter-1.1.1.tgz",
      "integrity": "sha512-vW1GmwMZNnL+gMRaovlh9yZX74kc+TTU3FObkkurpMaRtBfLP3ldjS9KQWlwZgraRE0+dheEEoAxdzcJQ8eXZg==",
      "license": "BSD-3-Clause"
    },
    "node_modules/@protobufjs/fetch": {
      "version": "1.1.1",
      "resolved": "https://registry.npmjs.org/@protobufjs/fetch/-/fetch-1.1.1.tgz",
      "integrity": "sha512-GpptLrs57adMSuHi3VNj0mAF8dwh36LMaYF6XyJ6JMWlVsc+t42tm1HSEDmOs3A8fC9yyeisgLhsTVQokOZ0zw==",
      "license": "BSD-3-Clause",
      "dependencies": {
        "@protobufjs/aspromise": "^1.1.1"
      }
    },
    "node_modules/@protobufjs/float": {
      "version": "1.0.2",
      "resolved": "https://registry.npmjs.org/@protobufjs/float/-/float-1.0.2.tgz",
      "integrity": "sha512-Ddb+kVXlXst9d+R9PfTIxh1EdNkgoRe5tOX6t01f1lYWOvJnSPDBlG241QLzcyPdoNTsblLUdujGSE4RzrTZGQ==",
      "license": "BSD-3-Clause"
    },
    "node_modules/@protobufjs/path": {
      "version": "1.1.2",
      "resolved": "https://registry.npmjs.org/@protobufjs/path/-/path-1.1.2.tgz",
      "integrity": "sha512-6JOcJ5Tm08dOHAbdR3GrvP+yUUfkjG5ePsHYczMFLq3ZmMkAD98cDgcT2iA1lJ9NVwFd4tH/iSSoe44YWkltEA==",
      "license": "BSD-3-Clause"
    },
    "node_modules/@protobufjs/pool": {
      "version": "1.1.0",
      "resolved": "https://registry.npmjs.org/@protobufjs/pool/-/pool-1.1.0.tgz",
      "integrity": "sha512-0kELaGSIDBKvcgS4zkjz1PeddatrjYcmMWOlAuAPwAeccUrPHdUqo/J6LiymHHEiJT5NrF1UVwxY14f+fy4WQw==",
      "license": "BSD-3-Clause"
    },
    "node_modules/@protobufjs/utf8": {
      "version": "1.1.2",
      "resolved": "https://registry.npmjs.org/@protobufjs/utf8/-/utf8-1.1.2.tgz",
      "integrity": "sha512-b1UQwcEZ4yCnMCD8DAL1VlbvBJE9/IX4FTIp7BG1xYpf29SLazLSrqUkj4w7Y5y7cCVP6E5tcqqcI0xemPkHug==",
      "license": "BSD-3-Clause"
    },
    "node_modules/@types/node": {
      "version": "26.4.1",
      "resolved": "https://registry.npmjs.org/@types/node/-/node-26.4.1.tgz",
      "integrity": "sha512-k97ENvZWtvA6yqz5/FS6a7duDgOPEeOQOc2iKS/nY6mX6qJUKtLnWzQS+Xj6tXweyj6ZcTAK2Qecetnvi9nCLA==",
      "license": "MIT",
      "dependencies": {
        "undici-types": "~8.3.0"
      }
    },
    "node_modules/base-x": {
      "version": "5.0.1",
      "resolved": "https://registry.npmjs.org/base-x/-/base-x-5.0.1.tgz",
      "integrity": "sha512-M7uio8Zt++eg3jPj+rHMfCC+IuygQHHCOU+IYsVtik6FWjuYpVt/+MRKcgsAMHh8mMFAwnB+Bs+mTrFiXjMzKg==",
      "license": "MIT"
    },
    "node_modules/bs58": {
      "version": "6.0.0",
      "resolved": "https://registry.npmjs.org/bs58/-/bs58-6.0.0.tgz",
      "integrity": "sha512-PD0wEnEYg6ijszw/u8s+iI3H17cTymlrwkKhDhPZq+Sokl3AU4htyBFTjAeNAlCCmg0f53g6ih3jATyCKftTfw==",
      "license": "MIT",
      "dependencies": {
        "base-x": "^5.0.0"
      }
    },
    "node_modules/helius-laserstream": {
      "version": "0.8.5",
      "resolved": "https://registry.npmjs.org/helius-laserstream/-/helius-laserstream-0.8.5.tgz",
      "integrity": "sha512-1OCr3/X7JKRmoegyXH7KgsokGSU9Ah+ZcYgHTbdjy6fepo5r3l6r0L7cO4eBiVkE8lt1N44Faga4FZFDxh9vkQ==",
      "cpu": [
        "x64",
        "arm64"
      ],
      "license": "MIT",
      "os": [
        "darwin",
        "linux"
      ],
      "dependencies": {
        "laserstream-core-proto-js": "^9.0.2",
        "lz4js": "^0.2.0",
        "protobufjs": "^7.5.3"
      },
      "engines": {
        "node": ">=16.0.0"
      },
      "optionalDependencies": {
        "helius-laserstream-darwin-arm64": "0.8.5",
        "helius-laserstream-darwin-x64": "0.8.5",
        "helius-laserstream-linux-arm64-gnu": "0.8.5",
        "helius-laserstream-linux-arm64-musl": "0.8.5",
        "helius-laserstream-linux-x64-gnu": "0.8.5",
        "helius-laserstream-linux-x64-musl": "0.8.5"
      }
    },
    "node_modules/helius-laserstream-darwin-arm64": {
      "version": "0.8.5",
      "resolved": "https://registry.npmjs.org/helius-laserstream-darwin-arm64/-/helius-laserstream-darwin-arm64-0.8.5.tgz",
      "integrity": "sha512-xHsnV4sLbcmg57j4ne8AhPXYJdWc3/4N9pFpyOtWlomW4YOubRZJcG4IQR8uWT6oc2L2dilYEWv0+Z/dx1f4Kg==",
      "cpu": [
        "arm64"
      ],
      "license": "MIT",
      "optional": true,
      "os": [
        "darwin"
      ]
    },
    "node_modules/helius-laserstream-darwin-x64": {
      "version": "0.8.5",
      "resolved": "https://registry.npmjs.org/helius-laserstream-darwin-x64/-/helius-laserstream-darwin-x64-0.8.5.tgz",
      "integrity": "sha512-tFmZy27Z5dq4Q6svzeEuDVjw0rJlpbJYoeGJVZlfLOchEKkTifhzR6Sozbb7aIOit0xZs2/VaamNfVNXmjLC7w==",
      "cpu": [
        "x64"
      ],
      "license": "MIT",
      "optional": true,
      "os": [
        "darwin"
      ]
    },
    "node_modules/helius-laserstream-linux-arm64-gnu": {
      "version": "0.8.5",
      "resolved": "https://registry.npmjs.org/helius-laserstream-linux-arm64-gnu/-/helius-laserstream-linux-arm64-gnu-0.8.5.tgz",
      "integrity": "sha512-31Q2crieRrAy2gDKr94d0RQBO0dszlgM7BZmG9xYbqgcJX/Zu75d1U6a7Ip65hBbHa2Ulw43s5Mzy/730tBpgw==",
      "cpu": [
        "arm64"
      ],
      "license": "MIT",
      "optional": true,
      "os": [
        "linux"
      ]
    },
    "node_modules/helius-laserstream-linux-arm64-musl": {
      "version": "0.8.5",
      "resolved": "https://registry.npmjs.org/helius-laserstream-linux-arm64-musl/-/helius-laserstream-linux-arm64-musl-0.8.5.tgz",
      "integrity": "sha512-WsLvs9Qc3oPWT1VjS5KzzTsA0IK40TsTBlgGtLKXL3KEYTJLDbGsc8CAA114jsq10r3yjhclxySblhOPacgyGg==",
      "cpu": [
        "arm64"
      ],
      "license": "MIT",
      "optional": true,
      "os": [
        "linux"
      ]
    },
    "node_modules/helius-laserstream-linux-x64-gnu": {
      "version": "0.8.5",
      "resolved": "https://registry.npmjs.org/helius-laserstream-linux-x64-gnu/-/helius-laserstream-linux-x64-gnu-0.8.5.tgz",
      "integrity": "sha512-DEhlJPJvWaMAbhaH5+vfI/7hST3pjruJSaToG+ZVOCO60XIDjOKrN/e87JiLfoBNLv1Z/cy7NIVIZWJm0V3wtg==",
      "cpu": [
        "x64"
      ],
      "license": "MIT",
      "optional": true,
      "os": [
        "linux"
      ]
    },
    "node_modules/helius-laserstream-linux-x64-musl": {
      "version": "0.8.5",
      "resolved": "https://registry.npmjs.org/helius-laserstream-linux-x64-musl/-/helius-laserstream-linux-x64-musl-0.8.5.tgz",
      "integrity": "sha512-bW01HOCmexNRlkShy+W9NcUm09Zwe0fBtcRr/KUoZMDE1EuspGS/XdtelLqFAdNI8fhO+upKeBwQE3Haa9s3Mw==",
      "cpu": [
        "x64"
      ],
      "license": "MIT",
      "optional": true,
      "os": [
        "linux"
      ]
    },
    "node_modules/laserstream-core-proto-js": {
      "version": "9.1.0",
      "resolved": "https://registry.npmjs.org/laserstream-core-proto-js/-/laserstream-core-proto-js-9.1.0.tgz",
      "integrity": "sha512-4EETIdWT6fBU96V+Ck6q6x5zkPkPcagWX+5HTNjvsJeK/4gETjsbfqGoEH+qRTY2NlCLbRP4gaIDc0+MX8G36g==",
      "license": "MIT",
      "dependencies": {
        "protobufjs": "^7.5.3"
      }
    },
    "node_modules/long": {
      "version": "5.3.2",
      "resolved": "https://registry.npmjs.org/long/-/long-5.3.2.tgz",
      "integrity": "sha512-mNAgZ1GmyNhD7AuqnTG3/VQ26o760+ZYBPKjPvugO8+nLbYfX6TVpJPseBvopbdY+qpZ/lKUnmEc1LeZYS3QAA==",
      "license": "Apache-2.0"
    },
    "node_modules/lz4js": {
      "version": "0.2.0",
      "resolved": "https://registry.npmjs.org/lz4js/-/lz4js-0.2.0.tgz",
      "integrity": "sha512-gY2Ia9Lm7Ep8qMiuGRhvUq0Q7qUereeldZPP1PMEJxPtEWHJLqw9pgX68oHajBH0nzJK4MaZEA/YNV3jT8u8Bg==",
      "license": "ISC"
    },
    "node_modules/protobufjs": {
      "version": "7.6.6",
      "resolved": "https://registry.npmjs.org/protobufjs/-/protobufjs-7.6.6.tgz",
      "integrity": "sha512-dYDWdjSl5RNb7SgPxGQcRU+GtvP7s2fpkrY0r432PcOIaZ0/rBcxEZnQN67iJhFuQiVw754JDoPruPCNdGsbjg==",
      "hasInstallScript": true,
      "license": "BSD-3-Clause",
      "dependencies": {
        "@protobufjs/aspromise": "^1.1.2",
        "@protobufjs/base64": "^1.1.2",
        "@protobufjs/codegen": "^2.0.5",
        "@protobufjs/eventemitter": "^1.1.1",
        "@protobufjs/fetch": "^1.1.1",
        "@protobufjs/float": "^1.0.2",
        "@protobufjs/path": "^1.1.2",
        "@protobufjs/pool": "^1.1.0",
        "@protobufjs/utf8": "^1.1.1",
        "@types/node": ">=13.7.0",
        "long": "^5.3.2"
      },
      "engines": {
        "node": ">=12.0.0"
      }
    },
    "node_modules/undici-types": {
      "version": "8.3.0",
      "resolved": "https://registry.npmjs.org/undici-types/-/undici-types-8.3.0.tgz",
      "integrity": "sha512-j375ScV60dom+YkPFIfTLcOiPxkN/buHz5GobjLhixFuANaNs3C9l4GmrWqejgXWJ7BbJcFYpTEUkS1Ge8bpZQ==",
      "license": "MIT"
    },
    "node_modules/ws": {
      "version": "8.21.3",
      "resolved": "https://registry.npmjs.org/ws/-/ws-8.21.3.tgz",
      "integrity": "sha512-201TZ/kPWxoPr/OKWjquZR1SWKXcvxdH+e1xrx89b3YbmzLMFCLfnaG1HFIgWzJOEWZ7MvpK++odZufgYR50Rw==",
      "license": "MIT",
      "engines": {
        "node": ">=10.0.0"
      },
      "peerDependencies": {
        "bufferutil": "^4.0.1",
        "utf-8-validate": ">=5.0.2"
      },
      "peerDependenciesMeta": {
        "bufferutil": {
          "optional": true
        },
        "utf-8-validate": {
          "optional": true
        }
      }
    }
  }
}
